
Microsoft Visual Studio Solution File, Format Version 12.00
# Visual Studio Version 17
VisualStudioVersion = 17.0.32126.317
MinimumVisualStudioVersion = 10.0.40219.1
Project("{FAE04EC0-301F-11D3-BF4B-00C04F79EFBC}") = "LITEWEUGHT", "LITEWEUGHT\LITEWEUGHT.csproj", "{C769F0E0-0560-4B23-AB55-48EF82A5B75C}"
EndProject
Global
	GlobalSection(SolutionConfigurationPlatforms) = preSolution
		Debug|Any CPU = Debug|Any CPU
		Release|Any CPU = Release|Any CPU
	EndGlobalSection
	GlobalSection(ProjectConfigurationPlatforms) = postSolution
		{C769F0E0-0560-4B23-AB55-48EF82A5B75C}.Debug|Any CPU.ActiveCfg = Debug|Any CPU
		{C769F0E0-0560-4B23-AB55-48EF82A5B75C}.Debug|Any CPU.Build.0 = Debug|Any CPU
		{C769F0E0-0560-4B23-AB55-48EF82A5B75C}.Release|Any CPU.ActiveCfg = Release|Any CPU
		{C769F0E0-0560-4B23-AB55-48EF82A5B75C}.Release|Any CPU.Build.0 = Release|Any CPU
	EndGlobalSection
	GlobalSection(SolutionProperties) = preSolution
		HideSolutionNode = FALSE
	EndGlobalSection
	GlobalSection(ExtensibilityGlobals) = postSolution
		SolutionGuid = {65A56DDD-3AE1-4752-B0AC-AB2D8863ED92}
	EndGlobalSection
EndGlobal
